# THIS IS AN AUTOGENERATED FILE. DO NOT EDIT THIS FILE DIRECTLY.
# yarn lockfile v1


"@hotwired/stimulus@^3.0.1":
  "integrity" "sha512-oHsJhgY2cip+K2ED7vKUNd2P+BEswVhrCYcJ802DSsblJFv7mPFVk3cQKvm2vHgHeDVdnj7oOKrBbzp1u8D+KA=="
  "resolved" "https://registry.npmjs.org/@hotwired/stimulus/-/stimulus-3.0.1.tgz"
  "version" "3.0.1"

"@hotwired/turbo-rails@^7.1.1":
  "integrity" "sha512-6qKgn75bMWKx0bJgmSfrdC73EJkGLoSWZPAssvcd3nE7ZpDZff6f67j5OQNjjpRgNB7OFruom6VWguGQGu1fQg=="
  "resolved" "https://registry.npmjs.org/@hotwired/turbo-rails/-/turbo-rails-7.1.3.tgz"
  "version" "7.1.3"
  dependencies:
    "@hotwired/turbo" "^7.1.0"
    "@rails/actioncable" "^7.0"

"@hotwired/turbo@^7.1.0":
  "integrity" "sha512-Q8kGjqwPqER+CtpQudbH+3Zgs2X4zb6pBAlr6NsKTXadg45pAOvxI9i4QpuHbwSzR2+x87HUm+rot9F/Pe8rxA=="
  "resolved" "https://registry.npmjs.org/@hotwired/turbo/-/turbo-7.1.0.tgz"
  "version" "7.1.0"

"@rails/actioncable@^7.0":
  "integrity" "sha512-Iefl21FZD+ck1di6xSHMYzSzRiNJTHV4NrAzCfDfqc/wPz4xncrP8f2/fJ+2jzwKIaDn76UVMsALh7R5OzsF8Q=="
  "resolved" "https://registry.npmjs.org/@rails/actioncable/-/actioncable-7.0.3.tgz"
  "version" "7.0.3"

"esbuild-android-64@0.14.41":
  "integrity" "sha512-byyo8LPOGHzAqxbwh2Q72d7L+rXXTsr/KALjsiCySrJ60CGMe80i3bwoQ+WODxsGaH08R//yg5oc7xHKgQz4uw=="
  "resolved" "https://registry.npmjs.org/esbuild-android-64/-/esbuild-android-64-0.14.41.tgz"
  "version" "0.14.41"

"esbuild-android-arm64@0.14.41":
  "integrity" "sha512-7koo9Dm/mwK4M8PGQX8JQRc4UQ4Wj7DT1nD4BQkVs2jxtHbYOlnsQH0fneKSXZVmnBIHYcntr/e1VU5gnYLvGQ=="
  "resolved" "https://registry.npmjs.org/esbuild-android-arm64/-/esbuild-android-arm64-0.14.41.tgz"
  "version" "0.14.41"

"esbuild-darwin-64@0.14.41":
  "integrity" "sha512-kW8fC2auh9jjmBXudTmlMfbBCMYMuujhxG40CxMhKiQ8NLBK4RU9yUYY6ss7QJp24kVTtKd4IvfwOio9SE53MA=="
  "resolved" "https://registry.npmjs.org/esbuild-darwin-64/-/esbuild-darwin-64-0.14.41.tgz"
  "version" "0.14.41"

"esbuild-darwin-arm64@0.14.41":
  "integrity" "sha512-cO0EPkiQt0bERH9sZFIoTywWfGhEpshdpvQpDfLh/ZJLeioQfaarM9YDrmID+f7k77djh0mdyfsC6XpS0HlLsw=="
  "resolved" "https://registry.npmjs.org/esbuild-darwin-arm64/-/esbuild-darwin-arm64-0.14.41.tgz"
  "version" "0.14.41"

"esbuild-freebsd-64@0.14.41":
  "integrity" "sha512-6tsMDK6b7czCOjsr68BgVogFXcTCWL3T7yFXRFuAmXwY9ybYgX8sybD7ztrRB03dLAPeMxHo+PzeMD6LdVrLdQ=="
  "resolved" "https://registry.npmjs.org/esbuild-freebsd-64/-/esbuild-freebsd-64-0.14.41.tgz"
  "version" "0.14.41"

"esbuild-freebsd-arm64@0.14.41":
  "integrity" "sha512-AQ2S/VCLKVBe/+HNiFLyp3w9i7AEtCOWEzKHSkfHk0VO5bPzHd7WJfWmj1Bxliu7vdPESbiDUTJIH3rDt4bzSA=="
  "resolved" "https://registry.npmjs.org/esbuild-freebsd-arm64/-/esbuild-freebsd-arm64-0.14.41.tgz"
  "version" "0.14.41"

"esbuild-linux-32@0.14.41":
  "integrity" "sha512-sb7Kah5Px6BNZ6gzm0nJLuDeAJKbIlaKIoI9zgZ5dFDxZSn91TMAHJz5W39YDJ8+ZaGJYIdqZSpDo+4G769mZw=="
  "resolved" "https://registry.npmjs.org/esbuild-linux-32/-/esbuild-linux-32-0.14.41.tgz"
  "version" "0.14.41"

"esbuild-linux-64@0.14.41":
  "integrity" "sha512-PeI0bfbv+5ondZRhPRszptp3RQRRAPxpOB2CYDphKske5+UlCXPi4Af+T++OqhV5TEpymTfxJdJQ1sn1w32coA=="
  "resolved" "https://registry.npmjs.org/esbuild-linux-64/-/esbuild-linux-64-0.14.41.tgz"
  "version" "0.14.41"

"esbuild-linux-arm@0.14.41":
  "integrity" "sha512-8DQ6Sv3XNwgu0cnPA3q+kJSqfOYLDqWzpW8dPF+/Or23bS/5EIT/CzN73uIhR8A3AokXIczn88VKti7Xtv+V2g=="
  "resolved" "https://registry.npmjs.org/esbuild-linux-arm/-/esbuild-linux-arm-0.14.41.tgz"
  "version" "0.14.41"

"esbuild-linux-arm64@0.14.41":
  "integrity" "sha512-aAhBX6kVG8hTVuANE90ORobioHdpZLzy8Fibf4XBuG4IuJfjgM5N4wFIq2Tpd+Ykit432PL/YOQhZ4W6nVc4cQ=="
  "resolved" "https://registry.npmjs.org/esbuild-linux-arm64/-/esbuild-linux-arm64-0.14.41.tgz"
  "version" "0.14.41"

"esbuild-linux-mips64le@0.14.41":
  "integrity" "sha512-88xo4FRYQ2laMJnrqZu8j5q531XT/odZnhO5NLWO/NdweIdT8F+QL0fNIBIf+nVkC1d0Psgmt+g35GAODMDl8g=="
  "resolved" "https://registry.npmjs.org/esbuild-linux-mips64le/-/esbuild-linux-mips64le-0.14.41.tgz"
  "version" "0.14.41"

"esbuild-linux-ppc64le@0.14.41":
  "integrity" "sha512-kJ0r/Cg3LzFzHhbBsvqi/hDPGKMGzFiPGOmUvqTkfVXhRUQtOMkXkyKdP7OEMRb8ctPtnptsZOOXPHRdU0NdJQ=="
  "resolved" "https://registry.npmjs.org/esbuild-linux-ppc64le/-/esbuild-linux-ppc64le-0.14.41.tgz"
  "version" "0.14.41"

"esbuild-linux-riscv64@0.14.41":
  "integrity" "sha512-ZJ7d/qFRx14J3aP75ccrFSZyuYZ1hu8IVfwVqyQg4jQFgNME2FMz7pZMskBJ0fSW8QcYUnN3RubFXWijyjKUug=="
  "resolved" "https://registry.npmjs.org/esbuild-linux-riscv64/-/esbuild-linux-riscv64-0.14.41.tgz"
  "version" "0.14.41"

"esbuild-linux-s390x@0.14.41":
  "integrity" "sha512-xeWAEZt1jAfYkYuyIUuHKpH/oj7O862Je5HTH9E+4sEfoOnZaAmFrisbXjGDKXjMRKYscFlM8wXdNBmiqQlT8g=="
  "resolved" "https://registry.npmjs.org/esbuild-linux-s390x/-/esbuild-linux-s390x-0.14.41.tgz"
  "version" "0.14.41"

"esbuild-netbsd-64@0.14.41":
  "integrity" "sha512-X/UE3Asqy594/atYi/STgYtaMQBJwtZKF0KFFdJTkwb6rtaoHCM1o482iHibgnSK7CicuRhyTZ+cNx4OFqRQAg=="
  "resolved" "https://registry.npmjs.org/esbuild-netbsd-64/-/esbuild-netbsd-64-0.14.41.tgz"
  "version" "0.14.41"

"esbuild-openbsd-64@0.14.41":
  "integrity" "sha512-6m+1dtdO+4KaU3R0UTT82hxWxWpFCjgSHhQl/PKtMmq+CvvxRQDcTwujLC843M7ChGVWNM2q1s6YCwoA0WQ9kw=="
  "resolved" "https://registry.npmjs.org/esbuild-openbsd-64/-/esbuild-openbsd-64-0.14.41.tgz"
  "version" "0.14.41"

"esbuild-sunos-64@0.14.41":
  "integrity" "sha512-p96tTTcE8/WY7A4Udh+fxVUTGL8rIXOpyxyhZiXug+f7DGbjE24PbewqgIBRSDyM7xRUty+1RzqyJz73YIV6yg=="
  "resolved" "https://registry.npmjs.org/esbuild-sunos-64/-/esbuild-sunos-64-0.14.41.tgz"
  "version" "0.14.41"

"esbuild-windows-32@0.14.41":
  "integrity" "sha512-jS+/pGyPPzrL8tgcvOxLEatV1QPICghKm13EjEVgkeRftl8X6tqRyFv/9eKutczdD3sklMDOJfivoPD32D46Ww=="
  "resolved" "https://registry.npmjs.org/esbuild-windows-32/-/esbuild-windows-32-0.14.41.tgz"
  "version" "0.14.41"

"esbuild-windows-64@0.14.41":
  "integrity" "sha512-vLqmKbV8FJ7LFMrT3zEQpojnUUbXyqhRPVGnAYzc0ESY5yAuom4E9tL7KzZ5H8KEuCUf//AvbyxpE+yOcjpyjA=="
  "resolved" "https://registry.npmjs.org/esbuild-windows-64/-/esbuild-windows-64-0.14.41.tgz"
  "version" "0.14.41"

"esbuild-windows-arm64@0.14.41":
  "integrity" "sha512-TOvj7kRTfpH4GPPmblvuMNf8oNJ3y2h7a6HttanVnc3QLMm5bNFYLSo6TShLOn0SbqFWGJwHIhGhw2JK96aVhg=="
  "resolved" "https://registry.npmjs.org/esbuild-windows-arm64/-/esbuild-windows-arm64-0.14.41.tgz"
  "version" "0.14.41"

"esbuild@^0.14.41":
  "integrity" "sha512-uZl2CH5nwayLPi1Unhfk+vBBjD3FDlYQ+v24qAlj2oZMYQP8pFs1k3DK5ViD+keF3JnuV4K7JtqVvBmTDwVEbA=="
  "resolved" "https://registry.npmjs.org/esbuild/-/esbuild-0.14.41.tgz"
  "version" "0.14.41"
  dependencies:
    "esbuild-android-64" "0.14.41"
    "esbuild-android-arm64" "0.14.41"
    "esbuild-darwin-64" "0.14.41"
    "esbuild-darwin-arm64" "0.14.41"
    "esbuild-freebsd-64" "0.14.41"
    "esbuild-freebsd-arm64" "0.14.41"
    "esbuild-linux-32" "0.14.41"
    "esbuild-linux-64" "0.14.41"
    "esbuild-linux-arm" "0.14.41"
    "esbuild-linux-arm64" "0.14.41"
    "esbuild-linux-mips64le" "0.14.41"
    "esbuild-linux-ppc64le" "0.14.41"
    "esbuild-linux-riscv64" "0.14.41"
    "esbuild-linux-s390x" "0.14.41"
    "esbuild-netbsd-64" "0.14.41"
    "esbuild-openbsd-64" "0.14.41"
    "esbuild-sunos-64" "0.14.41"
    "esbuild-windows-32" "0.14.41"
    "esbuild-windows-64" "0.14.41"
    "esbuild-windows-arm64" "0.14.41"
  optionalDependencies:
    "esbuild-android-64" "0.14.41"
    "esbuild-android-arm64" "0.14.41"
    "esbuild-darwin-64" "0.14.41"
    "esbuild-darwin-arm64" "0.14.41"
    "esbuild-freebsd-64" "0.14.41"
    "esbuild-freebsd-arm64" "0.14.41"
    "esbuild-linux-32" "0.14.41"
    "esbuild-linux-64" "0.14.41"
    "esbuild-linux-arm" "0.14.41"
    "esbuild-linux-arm64" "0.14.41"
    "esbuild-linux-mips64le" "0.14.41"
    "esbuild-linux-ppc64le" "0.14.41"
    "esbuild-linux-riscv64" "0.14.41"
    "esbuild-linux-s390x" "0.14.41"
    "esbuild-netbsd-64" "0.14.41"
    "esbuild-openbsd-64" "0.14.41"
    "esbuild-sunos-64" "0.14.41"
    "esbuild-windows-32" "0.14.41"
    "esbuild-windows-64" "0.14.41"
    "esbuild-windows-arm64" "0.14.41"

"split.js@^1.6.5":
  "integrity" "sha512-mPTnGCiS/RiuTNsVhCm9De9cCAUsrNFFviRbADdKiiV+Kk8HKp/0fWu7Kr8pi3/yBmsqLFHuXGT9UUZ+CNLwFw=="
  "resolved" "https://registry.npmjs.org/split.js/-/split.js-1.6.5.tgz"
  "version" "1.6.5"
